
Microsoft Visual Studio Solution File, Format Version 12.00
# Visual Studio Version 17
VisualStudioVersion = 17.5.33530.505
MinimumVisualStudioVersion = 10.0.40219.1
Project("{FAE04EC0-301F-11D3-BF4B-00C04F79EFBC}") = "AITest", "AITest.csproj", "{D4768F20-A352-4284-A031-F25B4B56BB0F}"
EndProject
Global
	GlobalSection(SolutionConfigurationPlatforms) = preSolution
		Debug|Any CPU = Debug|Any CPU
		Release|Any CPU = Release|Any CPU
	EndGlobalSection
	GlobalSection(ProjectConfigurationPlatforms) = postSolution
		{D4768F20-A352-4284-A031-F25B4B56BB0F}.Debug|Any CPU.ActiveCfg = Debug|Any CPU
		{D4768F20-A352-4284-A031-F25B4B56BB0F}.Debug|Any CPU.Build.0 = Debug|Any CPU
		{D4768F20-A352-4284-A031-F25B4B56BB0F}.Release|Any CPU.ActiveCfg = Release|Any CPU
		{D4768F20-A352-4284-A031-F25B4B56BB0F}.Release|Any CPU.Build.0 = Release|Any CPU
	EndGlobalSection
	GlobalSection(SolutionProperties) = preSolution
		HideSolutionNode = FALSE
	EndGlobalSection
	GlobalSection(ExtensibilityGlobals) = postSolution
		SolutionGuid = {000CDFBA-84D8-4611-A453-F5F29635884D}
	EndGlobalSection
EndGlobal
